
Microsoft Visual Studio Solution File, Format Version 10.00
# Visual Studio 2008
Project("{F184B08F-C81C-45F6-A57F-5ABD9991F28F}") = "Avacuno 3.0", "Avacuno 3.0\Avacuno 3.0.vbproj", "{7BBC75FA-9B7F-45EB-9EA6-0CB1EC90815E}"
	ProjectSection(ProjectDependencies) = postProject
		{922F7F84-9FF7-4329-BFA1-A823B2639206} = {922F7F84-9FF7-4329-BFA1-A823B2639206}
		{B76A1EB3-41D7-4033-9815-741E6D95A924} = {B76A1EB3-41D7-4033-9815-741E6D95A924}
	EndProjectSection
EndProject
Project("{F184B08F-C81C-45F6-A57F-5ABD9991F28F}") = "SMT.Common 2.0", "..\..\..\Libraries\SMT.Common\Common 2.0\SMT.Common 2.0.vbproj", "{B76A1EB3-41D7-4033-9815-741E6D95A924}"
EndProject
Project("{F184B08F-C81C-45F6-A57F-5ABD9991F28F}") = "SMT.Multimedia.Resources", "..\..\..\Libraries\SMT.Multimedia.Resources\SMT.Multimedia.Resources.vbproj", "{922F7F84-9FF7-4329-BFA1-A823B2639206}"
EndProject
Project("{8BC9CEB8-8B4A-11D0-8D11-00A0C91BC942}") = "AMTC_2008", "..\..\..\Filters\AMTC_2008\AMTC 2008.vcproj", "{00B4ED48-6654-4B93-8991-4288414B5B28}"
	ProjectSection(ProjectDependencies) = postProject
		{E8A3F6FA-AE1C-4C8E-A0B6-9C8480324EAA} = {E8A3F6FA-AE1C-4C8E-A0B6-9C8480324EAA}
	EndProjectSection
EndProject
Project("{8BC9CEB8-8B4A-11D0-8D11-00A0C91BC942}") = "AudioSource 2008", "..\..\..\Filters\AudioSource 2008\AudioSource 2008.vcproj", "{30D48874-899F-41C6-9B26-A40C96C91102}"
	ProjectSection(ProjectDependencies) = postProject
		{E8A3F6FA-AE1C-4C8E-A0B6-9C8480324EAA} = {E8A3F6FA-AE1C-4C8E-A0B6-9C8480324EAA}
	EndProjectSection
EndProject
Project("{8BC9CEB8-8B4A-11D0-8D11-00A0C91BC942}") = "DirectShow BaseClasses 2008", "..\..\..\Filters\DirectShow BaseClasses 2008\DirectShow BaseClasses 2008.vcproj", "{E8A3F6FA-AE1C-4C8E-A0B6-9C8480324EAA}"
EndProject
Project("{8BC9CEB8-8B4A-11D0-8D11-00A0C91BC942}") = "Keystone_Omni_2008", "..\..\..\Filters\Keystone_OMNI\Keystone_Omni_2008.vcproj", "{8C4361DD-2215-415A-8472-813491B8E8F3}"
	ProjectSection(ProjectDependencies) = postProject
		{E8A3F6FA-AE1C-4C8E-A0B6-9C8480324EAA} = {E8A3F6FA-AE1C-4C8E-A0B6-9C8480324EAA}
	EndProjectSection
EndProject
Project("{8BC9CEB8-8B4A-11D0-8D11-00A0C91BC942}") = "L21G 2008", "..\..\..\Filters\L21G 2008\L21G 2008.vcproj", "{9C70B4FA-2A9C-4416-8561-59FB560366FD}"
	ProjectSection(ProjectDependencies) = postProject
		{E8A3F6FA-AE1C-4C8E-A0B6-9C8480324EAA} = {E8A3F6FA-AE1C-4C8E-A0B6-9C8480324EAA}
	EndProjectSection
EndProject
Project("{8BC9CEB8-8B4A-11D0-8D11-00A0C91BC942}") = "NullVideoSource 2008", "..\..\..\Filters\NullVideoSource 2008\NullVideoSource 2008.vcproj", "{F21F4E1E-98CD-4787-B666-899D963DE197}"
	ProjectSection(ProjectDependencies) = postProject
		{E8A3F6FA-AE1C-4C8E-A0B6-9C8480324EAA} = {E8A3F6FA-AE1C-4C8E-A0B6-9C8480324EAA}
	EndProjectSection
EndProject
Project("{54435603-DBB4-11D2-8724-00A0C9A8B90C}") = "Avacuno 3.0 Installer", "Avacuno 3.0 Installer\Avacuno 3.0 Installer.vdproj", "{503A4DB4-F9DD-4C11-A47E-DCF9D00408F2}"
	ProjectSection(ProjectDependencies) = postProject
		{F21F4E1E-98CD-4787-B666-899D963DE197} = {F21F4E1E-98CD-4787-B666-899D963DE197}
		{00B4ED48-6654-4B93-8991-4288414B5B28} = {00B4ED48-6654-4B93-8991-4288414B5B28}
		{30D48874-899F-41C6-9B26-A40C96C91102} = {30D48874-899F-41C6-9B26-A40C96C91102}
		{922F7F84-9FF7-4329-BFA1-A823B2639206} = {922F7F84-9FF7-4329-BFA1-A823B2639206}
		{B76A1EB3-41D7-4033-9815-741E6D95A924} = {B76A1EB3-41D7-4033-9815-741E6D95A924}
		{8D8A38D4-506E-4D13-9852-82EB0BC54802} = {8D8A38D4-506E-4D13-9852-82EB0BC54802}
		{8C4361DD-2215-415A-8472-813491B8E8F3} = {8C4361DD-2215-415A-8472-813491B8E8F3}
		{7BBC75FA-9B7F-45EB-9EA6-0CB1EC90815E} = {7BBC75FA-9B7F-45EB-9EA6-0CB1EC90815E}
		{9C70B4FA-2A9C-4416-8561-59FB560366FD} = {9C70B4FA-2A9C-4416-8561-59FB560366FD}
		{E8A3F6FA-AE1C-4C8E-A0B6-9C8480324EAA} = {E8A3F6FA-AE1C-4C8E-A0B6-9C8480324EAA}
	EndProjectSection
EndProject
Project("{8BC9CEB8-8B4A-11D0-8D11-00A0C91BC942}") = "YUVSource", "..\..\..\Filters\YUV_Source 2008\YUVSource.vcproj", "{8D8A38D4-506E-4D13-9852-82EB0BC54802}"
EndProject
Project("{F184B08F-C81C-45F6-A57F-5ABD9991F28F}") = "MCS3_TestHarness_WPF", "..\..\UtilityApps\MCS3_TestHarness\MCS3_TestHarness_WPF\MCS3_TestHarness_WPF.vbproj", "{9BAE404A-1A43-4C45-AA9B-958424E48E28}"
EndProject
Project("{F184B08F-C81C-45F6-A57F-5ABD9991F28F}") = "SMT.Multimedia.Hardware.JLCooper", "..\..\..\Libraries\SMT.Multimedia.Hardware.JLCooper\SMT.Multimedia.Hardware.JLCooper.vbproj", "{942254D0-BE4B-4511-9BFF-10B0A5BBCC9D}"
EndProject
Project("{F184B08F-C81C-45F6-A57F-5ABD9991F28F}") = "SMT.THX.MediaDirector", "..\..\..\Libraries\SMT.THX.MediaDirector\SMT.THX.MediaDirector.vbproj", "{3267E34E-8957-4C33-9C63-54C43CFB3649}"
EndProject
Project("{F184B08F-C81C-45F6-A57F-5ABD9991F28F}") = "SMT.Multimedia.UI", "..\..\..\Libraries\SMT.Multimedia.UI\SMT.Multimedia.UI.vbproj", "{3CDFEA71-EB9A-4C4F-AFE8-18165C310FAD}"
EndProject
Global
	GlobalSection(SolutionConfigurationPlatforms) = preSolution
		Debug|Any CPU = Debug|Any CPU
		Debug|Mixed Platforms = Debug|Mixed Platforms
		Debug|Win32 = Debug|Win32
		INSTALLER|Any CPU = INSTALLER|Any CPU
		INSTALLER|Mixed Platforms = INSTALLER|Mixed Platforms
		INSTALLER|Win32 = INSTALLER|Win32
		Release|Any CPU = Release|Any CPU
		Release|Mixed Platforms = Release|Mixed Platforms
		Release|Win32 = Release|Win32
	EndGlobalSection
	GlobalSection(ProjectConfigurationPlatforms) = postSolution
		{7BBC75FA-9B7F-45EB-9EA6-0CB1EC90815E}.Debug|Any CPU.ActiveCfg = Debug|Any CPU
		{7BBC75FA-9B7F-45EB-9EA6-0CB1EC90815E}.Debug|Any CPU.Build.0 = Debug|Any CPU
		{7BBC75FA-9B7F-45EB-9EA6-0CB1EC90815E}.Debug|Mixed Platforms.ActiveCfg = Debug|Any CPU
		{7BBC75FA-9B7F-45EB-9EA6-0CB1EC90815E}.Debug|Mixed Platforms.Build.0 = Debug|Any CPU
		{7BBC75FA-9B7F-45EB-9EA6-0CB1EC90815E}.Debug|Win32.ActiveCfg = Debug|Any CPU
		{7BBC75FA-9B7F-45EB-9EA6-0CB1EC90815E}.Debug|Win32.Build.0 = Debug|Any CPU
		{7BBC75FA-9B7F-45EB-9EA6-0CB1EC90815E}.INSTALLER|Any CPU.ActiveCfg = Release|Any CPU
		{7BBC75FA-9B7F-45EB-9EA6-0CB1EC90815E}.INSTALLER|Mixed Platforms.ActiveCfg = Release|Any CPU
		{7BBC75FA-9B7F-45EB-9EA6-0CB1EC90815E}.INSTALLER|Mixed Platforms.Build.0 = Release|Any CPU
		{7BBC75FA-9B7F-45EB-9EA6-0CB1EC90815E}.INSTALLER|Win32.ActiveCfg = Release|Any CPU
		{7BBC75FA-9B7F-45EB-9EA6-0CB1EC90815E}.Release|Any CPU.ActiveCfg = Release|Any CPU
		{7BBC75FA-9B7F-45EB-9EA6-0CB1EC90815E}.Release|Any CPU.Build.0 = Release|Any CPU
		{7BBC75FA-9B7F-45EB-9EA6-0CB1EC90815E}.Release|Mixed Platforms.ActiveCfg = Release|Any CPU
		{7BBC75FA-9B7F-45EB-9EA6-0CB1EC90815E}.Release|Mixed Platforms.Build.0 = Release|Any CPU
		{7BBC75FA-9B7F-45EB-9EA6-0CB1EC90815E}.Release|Win32.ActiveCfg = Release|Any CPU
		{7BBC75FA-9B7F-45EB-9EA6-0CB1EC90815E}.Release|Win32.Build.0 = Release|Any CPU
		{B76A1EB3-41D7-4033-9815-741E6D95A924}.Debug|Any CPU.ActiveCfg = Debug|Any CPU
		{B76A1EB3-41D7-4033-9815-741E6D95A924}.Debug|Any CPU.Build.0 = Debug|Any CPU
		{B76A1EB3-41D7-4033-9815-741E6D95A924}.Debug|Mixed Platforms.ActiveCfg = Debug|Any CPU
		{B76A1EB3-41D7-4033-9815-741E6D95A924}.Debug|Mixed Platforms.Build.0 = Debug|Any CPU
		{B76A1EB3-41D7-4033-9815-741E6D95A924}.Debug|Win32.ActiveCfg = Debug|Any CPU
		{B76A1EB3-41D7-4033-9815-741E6D95A924}.Debug|Win32.Build.0 = Debug|Any CPU
		{B76A1EB3-41D7-4033-9815-741E6D95A924}.INSTALLER|Any CPU.ActiveCfg = Release|Any CPU
		{B76A1EB3-41D7-4033-9815-741E6D95A924}.INSTALLER|Mixed Platforms.ActiveCfg = Release|Any CPU
		{B76A1EB3-41D7-4033-9815-741E6D95A924}.INSTALLER|Mixed Platforms.Build.0 = Release|Any CPU
		{B76A1EB3-41D7-4033-9815-741E6D95A924}.INSTALLER|Win32.ActiveCfg = Release|Any CPU
		{B76A1EB3-41D7-4033-9815-741E6D95A924}.Release|Any CPU.ActiveCfg = Release|Any CPU
		{B76A1EB3-41D7-4033-9815-741E6D95A924}.Release|Any CPU.Build.0 = Release|Any CPU
		{B76A1EB3-41D7-4033-9815-741E6D95A924}.Release|Mixed Platforms.ActiveCfg = Release|Any CPU
		{B76A1EB3-41D7-4033-9815-741E6D95A924}.Release|Mixed Platforms.Build.0 = Release|Any CPU
		{B76A1EB3-41D7-4033-9815-741E6D95A924}.Release|Win32.ActiveCfg = Release|Any CPU
		{B76A1EB3-41D7-4033-9815-741E6D95A924}.Release|Win32.Build.0 = Release|Any CPU
		{922F7F84-9FF7-4329-BFA1-A823B2639206}.Debug|Any CPU.ActiveCfg = Debug|Any CPU
		{922F7F84-9FF7-4329-BFA1-A823B2639206}.Debug|Any CPU.Build.0 = Debug|Any CPU
		{922F7F84-9FF7-4329-BFA1-A823B2639206}.Debug|Mixed Platforms.ActiveCfg = Debug|Any CPU
		{922F7F84-9FF7-4329-BFA1-A823B2639206}.Debug|Mixed Platforms.Build.0 = Debug|Any CPU
		{922F7F84-9FF7-4329-BFA1-A823B2639206}.Debug|Win32.ActiveCfg = Debug|Any CPU
		{922F7F84-9FF7-4329-BFA1-A823B2639206}.Debug|Win32.Build.0 = Debug|Any CPU
		{922F7F84-9FF7-4329-BFA1-A823B2639206}.INSTALLER|Any CPU.ActiveCfg = Release|Any CPU
		{922F7F84-9FF7-4329-BFA1-A823B2639206}.INSTALLER|Mixed Platforms.ActiveCfg = Release|Any CPU
		{922F7F84-9FF7-4329-BFA1-A823B2639206}.INSTALLER|Mixed Platforms.Build.0 = Release|Any CPU
		{922F7F84-9FF7-4329-BFA1-A823B2639206}.INSTALLER|Win32.ActiveCfg = Release|Any CPU
		{922F7F84-9FF7-4329-BFA1-A823B2639206}.Release|Any CPU.ActiveCfg = Release|Any CPU
		{922F7F84-9FF7-4329-BFA1-A823B2639206}.Release|Any CPU.Build.0 = Release|Any CPU
		{922F7F84-9FF7-4329-BFA1-A823B2639206}.Release|Mixed Platforms.ActiveCfg = Release|Any CPU
		{922F7F84-9FF7-4329-BFA1-A823B2639206}.Release|Mixed Platforms.Build.0 = Release|Any CPU
		{922F7F84-9FF7-4329-BFA1-A823B2639206}.Release|Win32.ActiveCfg = Release|Any CPU
		{922F7F84-9FF7-4329-BFA1-A823B2639206}.Release|Win32.Build.0 = Release|Any CPU
		{00B4ED48-6654-4B93-8991-4288414B5B28}.Debug|Any CPU.ActiveCfg = Debug|Win32
		{00B4ED48-6654-4B93-8991-4288414B5B28}.Debug|Mixed Platforms.ActiveCfg = Debug|Win32
		{00B4ED48-6654-4B93-8991-4288414B5B28}.Debug|Mixed Platforms.Build.0 = Debug|Win32
		{00B4ED48-6654-4B93-8991-4288414B5B28}.Debug|Win32.ActiveCfg = Release|Win32
		{00B4ED48-6654-4B93-8991-4288414B5B28}.Debug|Win32.Build.0 = Release|Win32
		{00B4ED48-6654-4B93-8991-4288414B5B28}.INSTALLER|Any CPU.ActiveCfg = Release|Win32
		{00B4ED48-6654-4B93-8991-4288414B5B28}.INSTALLER|Mixed Platforms.ActiveCfg = Release|Win32
		{00B4ED48-6654-4B93-8991-4288414B5B28}.INSTALLER|Mixed Platforms.Build.0 = Release|Win32
		{00B4ED48-6654-4B93-8991-4288414B5B28}.INSTALLER|Win32.ActiveCfg = Release|Win32
		{00B4ED48-6654-4B93-8991-4288414B5B28}.Release|Any CPU.ActiveCfg = Release|Win32
		{00B4ED48-6654-4B93-8991-4288414B5B28}.Release|Any CPU.Build.0 = Release|Win32
		{00B4ED48-6654-4B93-8991-4288414B5B28}.Release|Mixed Platforms.ActiveCfg = Release|Win32
		{00B4ED48-6654-4B93-8991-4288414B5B28}.Release|Mixed Platforms.Build.0 = Release|Win32
		{00B4ED48-6654-4B93-8991-4288414B5B28}.Release|Win32.ActiveCfg = Release|Win32
		{00B4ED48-6654-4B93-8991-4288414B5B28}.Release|Win32.Build.0 = Release|Win32
		{30D48874-899F-41C6-9B26-A40C96C91102}.Debug|Any CPU.ActiveCfg = Debug|Win32
		{30D48874-899F-41C6-9B26-A40C96C91102}.Debug|Mixed Platforms.ActiveCfg = Debug|Win32
		{30D48874-899F-41C6-9B26-A40C96C91102}.Debug|Mixed Platforms.Build.0 = Debug|Win32
		{30D48874-899F-41C6-9B26-A40C96C91102}.Debug|Win32.ActiveCfg = Release|Win32
		{30D48874-899F-41C6-9B26-A40C96C91102}.Debug|Win32.Build.0 = Release|Win32
		{30D48874-899F-41C6-9B26-A40C96C91102}.INSTALLER|Any CPU.ActiveCfg = Release|Win32
		{30D48874-899F-41C6-9B26-A40C96C91102}.INSTALLER|Mixed Platforms.ActiveCfg = Release|Win32
		{30D48874-899F-41C6-9B26-A40C96C91102}.INSTALLER|Mixed Platforms.Build.0 = Release|Win32
		{30D48874-899F-41C6-9B26-A40C96C91102}.INSTALLER|Win32.ActiveCfg = Release|Win32
		{30D48874-899F-41C6-9B26-A40C96C91102}.Release|Any CPU.ActiveCfg = Release|Win32
		{30D48874-899F-41C6-9B26-A40C96C91102}.Release|Any CPU.Build.0 = Release|Win32
		{30D48874-899F-41C6-9B26-A40C96C91102}.Release|Mixed Platforms.ActiveCfg = Release|Win32
		{30D48874-899F-41C6-9B26-A40C96C91102}.Release|Mixed Platforms.Build.0 = Release|Win32
		{30D48874-899F-41C6-9B26-A40C96C91102}.Release|Win32.ActiveCfg = Release|Win32
		{30D48874-899F-41C6-9B26-A40C96C91102}.Release|Win32.Build.0 = Release|Win32
		{E8A3F6FA-AE1C-4C8E-A0B6-9C8480324EAA}.Debug|Any CPU.ActiveCfg = Debug|x64
		{E8A3F6FA-AE1C-4C8E-A0B6-9C8480324EAA}.Debug|Mixed Platforms.ActiveCfg = Debug|x64
		{E8A3F6FA-AE1C-4C8E-A0B6-9C8480324EAA}.Debug|Mixed Platforms.Build.0 = Debug|x64
		{E8A3F6FA-AE1C-4C8E-A0B6-9C8480324EAA}.Debug|Win32.ActiveCfg = Release|Win32
		{E8A3F6FA-AE1C-4C8E-A0B6-9C8480324EAA}.Debug|Win32.Build.0 = Release|Win32
		{E8A3F6FA-AE1C-4C8E-A0B6-9C8480324EAA}.INSTALLER|Any CPU.ActiveCfg = Release|Win32
		{E8A3F6FA-AE1C-4C8E-A0B6-9C8480324EAA}.INSTALLER|Mixed Platforms.ActiveCfg = Release|x64
		{E8A3F6FA-AE1C-4C8E-A0B6-9C8480324EAA}.INSTALLER|Mixed Platforms.Build.0 = Release|x64
		{E8A3F6FA-AE1C-4C8E-A0B6-9C8480324EAA}.INSTALLER|Win32.ActiveCfg = Release|Win32
		{E8A3F6FA-AE1C-4C8E-A0B6-9C8480324EAA}.Release|Any CPU.ActiveCfg = Release|Win32
		{E8A3F6FA-AE1C-4C8E-A0B6-9C8480324EAA}.Release|Any CPU.Build.0 = Release|Win32
		{E8A3F6FA-AE1C-4C8E-A0B6-9C8480324EAA}.Release|Mixed Platforms.ActiveCfg = Release|x64
		{E8A3F6FA-AE1C-4C8E-A0B6-9C8480324EAA}.Release|Mixed Platforms.Build.0 = Release|x64
		{E8A3F6FA-AE1C-4C8E-A0B6-9C8480324EAA}.Release|Win32.ActiveCfg = Release|Win32
		{E8A3F6FA-AE1C-4C8E-A0B6-9C8480324EAA}.Release|Win32.Build.0 = Release|Win32
		{8C4361DD-2215-415A-8472-813491B8E8F3}.Debug|Any CPU.ActiveCfg = Debug|Win32
		{8C4361DD-2215-415A-8472-813491B8E8F3}.Debug|Mixed Platforms.ActiveCfg = Debug|Win32
		{8C4361DD-2215-415A-8472-813491B8E8F3}.Debug|Mixed Platforms.Build.0 = Debug|Win32
		{8C4361DD-2215-415A-8472-813491B8E8F3}.Debug|Win32.ActiveCfg = Release|Win32
		{8C4361DD-2215-415A-8472-813491B8E8F3}.Debug|Win32.Build.0 = Release|Win32
		{8C4361DD-2215-415A-8472-813491B8E8F3}.INSTALLER|Any CPU.ActiveCfg = Release|Win32
		{8C4361DD-2215-415A-8472-813491B8E8F3}.INSTALLER|Mixed Platforms.ActiveCfg = Release|Win32
		{8C4361DD-2215-415A-8472-813491B8E8F3}.INSTALLER|Mixed Platforms.Build.0 = Release|Win32
		{8C4361DD-2215-415A-8472-813491B8E8F3}.INSTALLER|Win32.ActiveCfg = Release|Win32
		{8C4361DD-2215-415A-8472-813491B8E8F3}.Release|Any CPU.ActiveCfg = Release|Win32
		{8C4361DD-2215-415A-8472-813491B8E8F3}.Release|Any CPU.Build.0 = Release|Win32
		{8C4361DD-2215-415A-8472-813491B8E8F3}.Release|Mixed Platforms.ActiveCfg = Release|Win32
		{8C4361DD-2215-415A-8472-813491B8E8F3}.Release|Mixed Platforms.Build.0 = Release|Win32
		{8C4361DD-2215-415A-8472-813491B8E8F3}.Release|Win32.ActiveCfg = Release|Win32
		{8C4361DD-2215-415A-8472-813491B8E8F3}.Release|Win32.Build.0 = Release|Win32
		{9C70B4FA-2A9C-4416-8561-59FB560366FD}.Debug|Any CPU.ActiveCfg = Debug|Win32
		{9C70B4FA-2A9C-4416-8561-59FB560366FD}.Debug|Mixed Platforms.ActiveCfg = Debug|Win32
		{9C70B4FA-2A9C-4416-8561-59FB560366FD}.Debug|Mixed Platforms.Build.0 = Debug|Win32
		{9C70B4FA-2A9C-4416-8561-59FB560366FD}.Debug|Win32.ActiveCfg = Release|Win32
		{9C70B4FA-2A9C-4416-8561-59FB560366FD}.Debug|Win32.Build.0 = Release|Win32
		{9C70B4FA-2A9C-4416-8561-59FB560366FD}.INSTALLER|Any CPU.ActiveCfg = Release|Win32
		{9C70B4FA-2A9C-4416-8561-59FB560366FD}.INSTALLER|Mixed Platforms.ActiveCfg = Release|Win32
		{9C70B4FA-2A9C-4416-8561-59FB560366FD}.INSTALLER|Mixed Platforms.Build.0 = Release|Win32
		{9C70B4FA-2A9C-4416-8561-59FB560366FD}.INSTALLER|Win32.ActiveCfg = Release|Win32
		{9C70B4FA-2A9C-4416-8561-59FB560366FD}.Release|Any CPU.ActiveCfg = Release|Win32
		{9C70B4FA-2A9C-4416-8561-59FB560366FD}.Release|Any CPU.Build.0 = Release|Win32
		{9C70B4FA-2A9C-4416-8561-59FB560366FD}.Release|Mixed Platforms.ActiveCfg = Release|Win32
		{9C70B4FA-2A9C-4416-8561-59FB560366FD}.Release|Mixed Platforms.Build.0 = Release|Win32
		{9C70B4FA-2A9C-4416-8561-59FB560366FD}.Release|Win32.ActiveCfg = Release|Win32
		{9C70B4FA-2A9C-4416-8561-59FB560366FD}.Release|Win32.Build.0 = Release|Win32
		{F21F4E1E-98CD-4787-B666-899D963DE197}.Debug|Any CPU.ActiveCfg = Debug|Win32
		{F21F4E1E-98CD-4787-B666-899D963DE197}.Debug|Mixed Platforms.ActiveCfg = Debug|Win32
		{F21F4E1E-98CD-4787-B666-899D963DE197}.Debug|Mixed Platforms.Build.0 = Debug|Win32
		{F21F4E1E-98CD-4787-B666-899D963DE197}.Debug|Win32.ActiveCfg = Release|Win32
		{F21F4E1E-98CD-4787-B666-899D963DE197}.Debug|Win32.Build.0 = Release|Win32
		{F21F4E1E-98CD-4787-B666-899D963DE197}.INSTALLER|Any CPU.ActiveCfg = Release|Win32
		{F21F4E1E-98CD-4787-B666-899D963DE197}.INSTALLER|Mixed Platforms.ActiveCfg = Release|Win32
		{F21F4E1E-98CD-4787-B666-899D963DE197}.INSTALLER|Mixed Platforms.Build.0 = Release|Win32
		{F21F4E1E-98CD-4787-B666-899D963DE197}.INSTALLER|Win32.ActiveCfg = Release|Win32
		{F21F4E1E-98CD-4787-B666-899D963DE197}.Release|Any CPU.ActiveCfg = Release|Win32
		{F21F4E1E-98CD-4787-B666-899D963DE197}.Release|Any CPU.Build.0 = Release|Win32
		{F21F4E1E-98CD-4787-B666-899D963DE197}.Release|Mixed Platforms.ActiveCfg = Release|Win32
		{F21F4E1E-98CD-4787-B666-899D963DE197}.Release|Mixed Platforms.Build.0 = Release|Win32
		{F21F4E1E-98CD-4787-B666-899D963DE197}.Release|Win32.ActiveCfg = Release|Win32
		{F21F4E1E-98CD-4787-B666-899D963DE197}.Release|Win32.Build.0 = Release|Win32
		{503A4DB4-F9DD-4C11-A47E-DCF9D00408F2}.Debug|Any CPU.ActiveCfg = Debug
		{503A4DB4-F9DD-4C11-A47E-DCF9D00408F2}.Debug|Mixed Platforms.ActiveCfg = Debug
		{503A4DB4-F9DD-4C11-A47E-DCF9D00408F2}.Debug|Win32.ActiveCfg = Release
		{503A4DB4-F9DD-4C11-A47E-DCF9D00408F2}.INSTALLER|Any CPU.ActiveCfg = Release
		{503A4DB4-F9DD-4C11-A47E-DCF9D00408F2}.INSTALLER|Any CPU.Build.0 = Release
		{503A4DB4-F9DD-4C11-A47E-DCF9D00408F2}.INSTALLER|Mixed Platforms.ActiveCfg = Release
		{503A4DB4-F9DD-4C11-A47E-DCF9D00408F2}.INSTALLER|Win32.ActiveCfg = Release
		{503A4DB4-F9DD-4C11-A47E-DCF9D00408F2}.INSTALLER|Win32.Build.0 = Release
		{503A4DB4-F9DD-4C11-A47E-DCF9D00408F2}.Release|Any CPU.ActiveCfg = Release
		{503A4DB4-F9DD-4C11-A47E-DCF9D00408F2}.Release|Mixed Platforms.ActiveCfg = Release
		{503A4DB4-F9DD-4C11-A47E-DCF9D00408F2}.Release|Win32.ActiveCfg = Release
		{503A4DB4-F9DD-4C11-A47E-DCF9D00408F2}.Release|Win32.Build.0 = Release
		{8D8A38D4-506E-4D13-9852-82EB0BC54802}.Debug|Any CPU.ActiveCfg = Debug|Win32
		{8D8A38D4-506E-4D13-9852-82EB0BC54802}.Debug|Mixed Platforms.ActiveCfg = Debug|Win32
		{8D8A38D4-506E-4D13-9852-82EB0BC54802}.Debug|Mixed Platforms.Build.0 = Debug|Win32
		{8D8A38D4-506E-4D13-9852-82EB0BC54802}.Debug|Win32.ActiveCfg = Release|Win32
		{8D8A38D4-506E-4D13-9852-82EB0BC54802}.Debug|Win32.Build.0 = Release|Win32
		{8D8A38D4-506E-4D13-9852-82EB0BC54802}.INSTALLER|Any CPU.ActiveCfg = Release|Win32
		{8D8A38D4-506E-4D13-9852-82EB0BC54802}.INSTALLER|Mixed Platforms.ActiveCfg = Release|Win32
		{8D8A38D4-506E-4D13-9852-82EB0BC54802}.INSTALLER|Mixed Platforms.Build.0 = Release|Win32
		{8D8A38D4-506E-4D13-9852-82EB0BC54802}.INSTALLER|Win32.ActiveCfg = Release|Win32
		{8D8A38D4-506E-4D13-9852-82EB0BC54802}.INSTALLER|Win32.Build.0 = Release|Win32
		{8D8A38D4-506E-4D13-9852-82EB0BC54802}.Release|Any CPU.ActiveCfg = Release|Win32
		{8D8A38D4-506E-4D13-9852-82EB0BC54802}.Release|Mixed Platforms.ActiveCfg = Release|Win32
		{8D8A38D4-506E-4D13-9852-82EB0BC54802}.Release|Mixed Platforms.Build.0 = Release|Win32
		{8D8A38D4-506E-4D13-9852-82EB0BC54802}.Release|Win32.ActiveCfg = Release|Win32
		{8D8A38D4-506E-4D13-9852-82EB0BC54802}.Release|Win32.Build.0 = Release|Win32
		{9BAE404A-1A43-4C45-AA9B-958424E48E28}.Debug|Any CPU.ActiveCfg = Debug|Any CPU
		{9BAE404A-1A43-4C45-AA9B-958424E48E28}.Debug|Any CPU.Build.0 = Debug|Any CPU
		{9BAE404A-1A43-4C45-AA9B-958424E48E28}.Debug|Mixed Platforms.ActiveCfg = Debug|Any CPU
		{9BAE404A-1A43-4C45-AA9B-958424E48E28}.Debug|Mixed Platforms.Build.0 = Debug|Any CPU
		{9BAE404A-1A43-4C45-AA9B-958424E48E28}.Debug|Win32.ActiveCfg = Debug|Any CPU
		{9BAE404A-1A43-4C45-AA9B-958424E48E28}.INSTALLER|Any CPU.ActiveCfg = Release|Any CPU
		{9BAE404A-1A43-4C45-AA9B-958424E48E28}.INSTALLER|Any CPU.Build.0 = Release|Any CPU
		{9BAE404A-1A43-4C45-AA9B-958424E48E28}.INSTALLER|Mixed Platforms.ActiveCfg = Release|Any CPU
		{9BAE404A-1A43-4C45-AA9B-958424E48E28}.INSTALLER|Mixed Platforms.Build.0 = Release|Any CPU
		{9BAE404A-1A43-4C45-AA9B-958424E48E28}.INSTALLER|Win32.ActiveCfg = Release|Any CPU
		{9BAE404A-1A43-4C45-AA9B-958424E48E28}.Release|Any CPU.ActiveCfg = Release|Any CPU
		{9BAE404A-1A43-4C45-AA9B-958424E48E28}.Release|Any CPU.Build.0 = Release|Any CPU
		{9BAE404A-1A43-4C45-AA9B-958424E48E28}.Release|Mixed Platforms.ActiveCfg = Release|Any CPU
		{9BAE404A-1A43-4C45-AA9B-958424E48E28}.Release|Mixed Platforms.Build.0 = Release|Any CPU
		{9BAE404A-1A43-4C45-AA9B-958424E48E28}.Release|Win32.ActiveCfg = Release|Any CPU
		{942254D0-BE4B-4511-9BFF-10B0A5BBCC9D}.Debug|Any CPU.ActiveCfg = Debug|Any CPU
		{942254D0-BE4B-4511-9BFF-10B0A5BBCC9D}.Debug|Any CPU.Build.0 = Debug|Any CPU
		{942254D0-BE4B-4511-9BFF-10B0A5BBCC9D}.Debug|Mixed Platforms.ActiveCfg = Debug|Any CPU
		{942254D0-BE4B-4511-9BFF-10B0A5BBCC9D}.Debug|Mixed Platforms.Build.0 = Debug|Any CPU
		{942254D0-BE4B-4511-9BFF-10B0A5BBCC9D}.Debug|Win32.ActiveCfg = Debug|Any CPU
		{942254D0-BE4B-4511-9BFF-10B0A5BBCC9D}.Debug|Win32.Build.0 = Debug|Any CPU
		{942254D0-BE4B-4511-9BFF-10B0A5BBCC9D}.INSTALLER|Any CPU.ActiveCfg = Release|Any CPU
		{942254D0-BE4B-4511-9BFF-10B0A5BBCC9D}.INSTALLER|Any CPU.Build.0 = Release|Any CPU
		{942254D0-BE4B-4511-9BFF-10B0A5BBCC9D}.INSTALLER|Mixed Platforms.ActiveCfg = Release|Any CPU
		{942254D0-BE4B-4511-9BFF-10B0A5BBCC9D}.INSTALLER|Mixed Platforms.Build.0 = Release|Any CPU
		{942254D0-BE4B-4511-9BFF-10B0A5BBCC9D}.INSTALLER|Win32.ActiveCfg = Release|Any CPU
		{942254D0-BE4B-4511-9BFF-10B0A5BBCC9D}.Release|Any CPU.ActiveCfg = Release|Any CPU
		{942254D0-BE4B-4511-9BFF-10B0A5BBCC9D}.Release|Any CPU.Build.0 = Release|Any CPU
		{942254D0-BE4B-4511-9BFF-10B0A5BBCC9D}.Release|Mixed Platforms.ActiveCfg = Release|Any CPU
		{942254D0-BE4B-4511-9BFF-10B0A5BBCC9D}.Release|Mixed Platforms.Build.0 = Release|Any CPU
		{942254D0-BE4B-4511-9BFF-10B0A5BBCC9D}.Release|Win32.ActiveCfg = Release|Any CPU
		{3267E34E-8957-4C33-9C63-54C43CFB3649}.Debug|Any CPU.ActiveCfg = Debug|Any CPU
		{3267E34E-8957-4C33-9C63-54C43CFB3649}.Debug|Any CPU.Build.0 = Debug|Any CPU
		{3267E34E-8957-4C33-9C63-54C43CFB3649}.Debug|Mixed Platforms.ActiveCfg = Debug|Any CPU
		{3267E34E-8957-4C33-9C63-54C43CFB3649}.Debug|Mixed Platforms.Build.0 = Debug|Any CPU
		{3267E34E-8957-4C33-9C63-54C43CFB3649}.Debug|Win32.ActiveCfg = Debug|Any CPU
		{3267E34E-8957-4C33-9C63-54C43CFB3649}.Debug|Win32.Build.0 = Debug|Any CPU
		{3267E34E-8957-4C33-9C63-54C43CFB3649}.INSTALLER|Any CPU.ActiveCfg = Release|Any CPU
		{3267E34E-8957-4C33-9C63-54C43CFB3649}.INSTALLER|Any CPU.Build.0 = Release|Any CPU
		{3267E34E-8957-4C33-9C63-54C43CFB3649}.INSTALLER|Mixed Platforms.ActiveCfg = Release|Any CPU
		{3267E34E-8957-4C33-9C63-54C43CFB3649}.INSTALLER|Mixed Platforms.Build.0 = Release|Any CPU
		{3267E34E-8957-4C33-9C63-54C43CFB3649}.INSTALLER|Win32.ActiveCfg = Release|Any CPU
		{3267E34E-8957-4C33-9C63-54C43CFB3649}.Release|Any CPU.ActiveCfg = Release|Any CPU
		{3267E34E-8957-4C33-9C63-54C43CFB3649}.Release|Any CPU.Build.0 = Release|Any CPU
		{3267E34E-8957-4C33-9C63-54C43CFB3649}.Release|Mixed Platforms.ActiveCfg = Release|Any CPU
		{3267E34E-8957-4C33-9C63-54C43CFB3649}.Release|Mixed Platforms.Build.0 = Release|Any CPU
		{3267E34E-8957-4C33-9C63-54C43CFB3649}.Release|Win32.ActiveCfg = Release|Any CPU
		{3CDFEA71-EB9A-4C4F-AFE8-18165C310FAD}.Debug|Any CPU.ActiveCfg = Debug|Any CPU
		{3CDFEA71-EB9A-4C4F-AFE8-18165C310FAD}.Debug|Any CPU.Build.0 = Debug|Any CPU
		{3CDFEA71-EB9A-4C4F-AFE8-18165C310FAD}.Debug|Mixed Platforms.ActiveCfg = Debug|Any CPU
		{3CDFEA71-EB9A-4C4F-AFE8-18165C310FAD}.Debug|Mixed Platforms.Build.0 = Debug|Any CPU
		{3CDFEA71-EB9A-4C4F-AFE8-18165C310FAD}.Debug|Win32.ActiveCfg = Debug|Any CPU
		{3CDFEA71-EB9A-4C4F-AFE8-18165C310FAD}.Debug|Win32.Build.0 = Debug|Any CPU
		{3CDFEA71-EB9A-4C4F-AFE8-18165C310FAD}.INSTALLER|Any CPU.ActiveCfg = Release|Any CPU
		{3CDFEA71-EB9A-4C4F-AFE8-18165C310FAD}.INSTALLER|Any CPU.Build.0 = Release|Any CPU
		{3CDFEA71-EB9A-4C4F-AFE8-18165C310FAD}.INSTALLER|Mixed Platforms.ActiveCfg = Release|Any CPU
		{3CDFEA71-EB9A-4C4F-AFE8-18165C310FAD}.INSTALLER|Mixed Platforms.Build.0 = Release|Any CPU
		{3CDFEA71-EB9A-4C4F-AFE8-18165C310FAD}.INSTALLER|Win32.ActiveCfg = Release|Any CPU
		{3CDFEA71-EB9A-4C4F-AFE8-18165C310FAD}.Release|Any CPU.ActiveCfg = Release|Any CPU
		{3CDFEA71-EB9A-4C4F-AFE8-18165C310FAD}.Release|Any CPU.Build.0 = Release|Any CPU
		{3CDFEA71-EB9A-4C4F-AFE8-18165C310FAD}.Release|Mixed Platforms.ActiveCfg = Release|Any CPU
		{3CDFEA71-EB9A-4C4F-AFE8-18165C310FAD}.Release|Mixed Platforms.Build.0 = Release|Any CPU
		{3CDFEA71-EB9A-4C4F-AFE8-18165C310FAD}.Release|Win32.ActiveCfg = Release|Any CPU
	EndGlobalSection
	GlobalSection(SolutionProperties) = preSolution
		HideSolutionNode = FALSE
	EndGlobalSection
EndGlobal
